
Microsoft Visual Studio Solution File, Format Version 12.00
Project("{FAE04EC0-301F-11D3-BF4B-00C04F79EFBC}") = "AlreadyMedia", "AlreadyMedia\AlreadyMedia.csproj", "{68BE8D76-0B2F-457B-8E97-0BA792E7E669}"
EndProject
Project("{FAE04EC0-301F-11D3-BF4B-00C04F79EFBC}") = "Core", "Core\Core.csproj", "{E3095E8E-41B6-46A2-848B-1A80CEB62370}"
EndProject
Project("{FAE04EC0-301F-11D3-BF4B-00C04F79EFBC}") = "NasaClientService", "NasaClientService\NasaClientService.csproj", "{4D5F464C-4B2B-4912-ACE9-CC211E38EAD6}"
EndProject
Project("{2150E333-8FDC-42A3-9474-1A3956D46DE8}") = "Solution Items", "Solution Items", "{48F92968-155C-436A-8BA2-28F98F97B8EE}"
	ProjectSection(SolutionItems) = preProject
		docker-compose.yaml = docker-compose.yaml
	EndProjectSection
EndProject
Project("{FAE04EC0-301F-11D3-BF4B-00C04F79EFBC}") = "Frontend", "Frontend\Frontend.csproj", "{6908A15D-44C2-47E6-8BB1-B0A32D5DB57E}"
EndProject
Global
	GlobalSection(SolutionConfigurationPlatforms) = preSolution
		Debug|Any CPU = Debug|Any CPU
		Release|Any CPU = Release|Any CPU
	EndGlobalSection
	GlobalSection(ProjectConfigurationPlatforms) = postSolution
		{68BE8D76-0B2F-457B-8E97-0BA792E7E669}.Debug|Any CPU.ActiveCfg = Debug|Any CPU
		{68BE8D76-0B2F-457B-8E97-0BA792E7E669}.Debug|Any CPU.Build.0 = Debug|Any CPU
		{68BE8D76-0B2F-457B-8E97-0BA792E7E669}.Release|Any CPU.ActiveCfg = Release|Any CPU
		{68BE8D76-0B2F-457B-8E97-0BA792E7E669}.Release|Any CPU.Build.0 = Release|Any CPU
		{E3095E8E-41B6-46A2-848B-1A80CEB62370}.Debug|Any CPU.Build.0 = Debug|Any CPU
		{E3095E8E-41B6-46A2-848B-1A80CEB62370}.Release|Any CPU.ActiveCfg = Release|Any CPU
		{E3095E8E-41B6-46A2-848B-1A80CEB62370}.Release|Any CPU.Build.0 = Release|Any CPU
		{E3095E8E-41B6-46A2-848B-1A80CEB62370}.Debug|Any CPU.ActiveCfg = Debug|Any CPU
		{4D5F464C-4B2B-4912-ACE9-CC211E38EAD6}.Debug|Any CPU.ActiveCfg = Debug|Any CPU
		{4D5F464C-4B2B-4912-ACE9-CC211E38EAD6}.Debug|Any CPU.Build.0 = Debug|Any CPU
		{4D5F464C-4B2B-4912-ACE9-CC211E38EAD6}.Release|Any CPU.ActiveCfg = Release|Any CPU
		{4D5F464C-4B2B-4912-ACE9-CC211E38EAD6}.Release|Any CPU.Build.0 = Release|Any CPU
		{6908A15D-44C2-47E6-8BB1-B0A32D5DB57E}.Debug|Any CPU.ActiveCfg = Debug|Any CPU
		{6908A15D-44C2-47E6-8BB1-B0A32D5DB57E}.Release|Any CPU.ActiveCfg = Release|Any CPU
		{6908A15D-44C2-47E6-8BB1-B0A32D5DB57E}.Release|Any CPU.Build.0 = Release|Any CPU
		{6908A15D-44C2-47E6-8BB1-B0A32D5DB57E}.Debug|Any CPU.Deploy.0 = Debug|Any CPU
	EndGlobalSection
EndGlobal
